
Microsoft Visual Studio Solution File, Format Version 12.00
# Visual Studio Version 17
VisualStudioVersion = 17.7.34024.191
MinimumVisualStudioVersion = 10.0.40219.1
Project("{FAE04EC0-301F-11D3-BF4B-00C04F79EFBC}") = "cerchio con tostring e parse", "cerchio con tostring e parse\cerchio con tostring e parse.csproj", "{A25F977F-3FBD-4264-BCEA-686185C2DB38}"
EndProject
Global
	GlobalSection(SolutionConfigurationPlatforms) = preSolution
		Debug|Any CPU = Debug|Any CPU
		Release|Any CPU = Release|Any CPU
	EndGlobalSection
	GlobalSection(ProjectConfigurationPlatforms) = postSolution
		{A25F977F-3FBD-4264-BCEA-686185C2DB38}.Debug|Any CPU.ActiveCfg = Debug|Any CPU
		{A25F977F-3FBD-4264-BCEA-686185C2DB38}.Debug|Any CPU.Build.0 = Debug|Any CPU
		{A25F977F-3FBD-4264-BCEA-686185C2DB38}.Release|Any CPU.ActiveCfg = Release|Any CPU
		{A25F977F-3FBD-4264-BCEA-686185C2DB38}.Release|Any CPU.Build.0 = Release|Any CPU
	EndGlobalSection
	GlobalSection(SolutionProperties) = preSolution
		HideSolutionNode = FALSE
	EndGlobalSection
	GlobalSection(ExtensibilityGlobals) = postSolution
		SolutionGuid = {9D6EDBAF-5D62-44B4-9C8D-3ABB87CBC621}
	EndGlobalSection
EndGlobal
